
Microsoft Visual Studio Solution File, Format Version 12.00
Project("{FAE04EC0-301F-11D3-BF4B-00C04F79EFBC}") = "TodayJupiter.Extensions", "TodayJupiter.Extensions\TodayJupiter.Extensions.csproj", "{EC6C7E3E-0EE3-46C7-B826-1B23B54C94AD}"
EndProject
Project("{2150E333-8FDC-42A3-9474-1A3956D46DE8}") = "src", "src", "{CB0DFCC4-7B46-4522-8A7D-6F7757CC3C14}"
EndProject
Project("{2150E333-8FDC-42A3-9474-1A3956D46DE8}") = "tests", "tests", "{D4DD581D-041C-45AC-B218-3D592347EA1C}"
EndProject
Project("{FAE04EC0-301F-11D3-BF4B-00C04F79EFBC}") = "TodayJupiter.ExtensionsUnitTests", "TodayJupiter.ExtensionsUnitTests\TodayJupiter.ExtensionsUnitTests.csproj", "{C562C0A9-8B74-4B25-8367-20027D71DF81}"
EndProject
Global
	GlobalSection(SolutionConfigurationPlatforms) = preSolution
		Debug|Any CPU = Debug|Any CPU
		Release|Any CPU = Release|Any CPU
	EndGlobalSection
	GlobalSection(ProjectConfigurationPlatforms) = postSolution
		{EC6C7E3E-0EE3-46C7-B826-1B23B54C94AD}.Debug|Any CPU.ActiveCfg = Debug|Any CPU
		{EC6C7E3E-0EE3-46C7-B826-1B23B54C94AD}.Debug|Any CPU.Build.0 = Debug|Any CPU
		{EC6C7E3E-0EE3-46C7-B826-1B23B54C94AD}.Release|Any CPU.ActiveCfg = Release|Any CPU
		{EC6C7E3E-0EE3-46C7-B826-1B23B54C94AD}.Release|Any CPU.Build.0 = Release|Any CPU
		{C562C0A9-8B74-4B25-8367-20027D71DF81}.Debug|Any CPU.ActiveCfg = Debug|Any CPU
		{C562C0A9-8B74-4B25-8367-20027D71DF81}.Debug|Any CPU.Build.0 = Debug|Any CPU
		{C562C0A9-8B74-4B25-8367-20027D71DF81}.Release|Any CPU.ActiveCfg = Release|Any CPU
		{C562C0A9-8B74-4B25-8367-20027D71DF81}.Release|Any CPU.Build.0 = Release|Any CPU
	EndGlobalSection
	GlobalSection(NestedProjects) = preSolution
		{EC6C7E3E-0EE3-46C7-B826-1B23B54C94AD} = {CB0DFCC4-7B46-4522-8A7D-6F7757CC3C14}
		{C562C0A9-8B74-4B25-8367-20027D71DF81} = {D4DD581D-041C-45AC-B218-3D592347EA1C}
	EndGlobalSection
EndGlobal
